// !$*UTF8*$!
{
	archiveVersion = 1;
	classes = {
	};
	objectVersion = 77;
	objects = {

/* Begin PBXContainerItemProxy section */
		CD1B8FA22D9AF69A00E996CA /* PBXContainerItemProxy */ = {
			isa = PBXContainerItemProxy;
			containerPortal = CD1B8F892D9AF69600E996CA /* Project object */;
			proxyType = 1;
			remoteGlobalIDString = CD1B8F902D9AF69600E996CA;
			remoteInfo = ListDetailsApp;
		};
		CD1B8FAC2D9AF69A00E996CA /* PBXContainerItemProxy */ = {
			isa = PBXContainerItemProxy;
			containerPortal = CD1B8F892D9AF69600E996CA /* Project object */;
			proxyType = 1;
			remoteGlobalIDString = CD1B8F902D9AF69600E996CA;
			remoteInfo = ListDetailsApp;
		};
/* End PBXContainerItemProxy section */

/* Begin PBXFileReference section */
		CD1B8F912D9AF69600E996CA /* ListDetailsApp.app */ = {isa = PBXFileReference; explicitFileType = wrapper.application; includeInIndex = 0; path = ListDetailsApp.app; sourceTree = BUILT_PRODUCTS_DIR; };
		CD1B8FA12D9AF69A00E996CA /* ListDetailsAppTests.xctest */ = {isa = PBXFileReference; explicitFileType = wrapper.cfbundle; includeInIndex = 0; path = ListDetailsAppTests.xctest; sourceTree = BUILT_PRODUCTS_DIR; };
		CD1B8FAB2D9AF69A00E996CA /* ListDetailsAppUITests.xctest */ = {isa = PBXFileReference; explicitFileType = wrapper.cfbundle; includeInIndex = 0; path = ListDetailsAppUITests.xctest; sourceTree = BUILT_PRODUCTS_DIR; };
/* End PBXFileReference section */

/* Begin PBXFileSystemSynchronizedRootGroup section */
		CD1B8F932D9AF69600E996CA /* ListDetailsApp */ = {
			isa = PBXFileSystemSynchronizedRootGroup;
			path = ListDetailsApp;
			sourceTree = "<group>";
		};
		CD1B8FA42D9AF69A00E996CA /* ListDetailsAppTests */ = {
			isa = PBXFileSystemSynchronizedRootGroup;
			path = ListDetailsAppTests;
			sourceTree = "<group>";
		};
		CD1B8FAE2D9AF69A00E996CA /* ListDetailsAppUITests */ = {
			isa = PBXFileSystemSynchronizedRootGroup;
			path = ListDetailsAppUITests;
			sourceTree = "<group>";
		};
/* End PBXFileSystemSynchronizedRootGroup section */

/* Begin PBXFrameworksBuildPhase section */
		CD1B8F8E2D9AF69600E996CA /* Frameworks */ = {
			isa = PBXFrameworksBuildPhase;
			buildActionMask = 2147483647;
			files = (
			);
			runOnlyForDeploymentPostprocessing = 0;
		};
		CD1B8F9E2D9AF69A00E996CA /* Frameworks */ = {
			isa = PBXFrameworksBuildPhase;
			buildActionMask = 2147483647;
			files = (
			);
			runOnlyForDeploymentPostprocessing = 0;
		};
		CD1B8FA82D9AF69A00E996CA /* Frameworks */ = {
			isa = PBXFrameworksBuildPhase;
			buildActionMask = 2147483647;
			files = (
			);
			runOnlyForDeploymentPostprocessing = 0;
		};
/* End PBXFrameworksBuildPhase section */

/* Begin PBXGroup section */
		CD1B8F882D9AF69600E996CA = {
			isa = PBXGroup;
			children = (
				CD1B8F932D9AF69600E996CA /* ListDetailsApp */,
				CD1B8FA42D9AF69A00E996CA /* ListDetailsAppTests */,
				CD1B8FAE2D9AF69A00E996CA /* ListDetailsAppUITests */,
				CD1B8F922D9AF69600E996CA /* Products */,
			);
			sourceTree = "<group>";
		};
		CD1B8F922D9AF69600E996CA /* Products */ = {
			isa = PBXGroup;
			children = (
				CD1B8F912D9AF69600E996CA /* ListDetailsApp.app */,
				CD1B8FA12D9AF69A00E996CA /* ListDetailsAppTests.xctest */,
				CD1B8FAB2D9AF69A00E996CA /* ListDetailsAppUITests.xctest */,
			);
			name = Products;
			sourceTree = "<group>";
		};
/* End PBXGroup section */

/* Begin PBXNativeTarget section */
		CD1B8F902D9AF69600E996CA /* ListDetailsApp */ = {
			isa = PBXNativeTarget;
			buildConfigurationList = CD1B8FB52D9AF69A00E996CA /* Build configuration list for PBXNativeTarget "ListDetailsApp" */;
			buildPhases = (
				CD1B8F8D2D9AF69600E996CA /* Sources */,
				CD1B8F8E2D9AF69600E996CA /* Frameworks */,
				CD1B8F8F2D9AF69600E996CA /* Resources */,
			);
			buildRules = (
			);
			dependencies = (
			);
			fileSystemSynchronizedGroups = (
				CD1B8F932D9AF69600E996CA /* ListDetailsApp */,
			);
			name = ListDetailsApp;
			packageProductDependencies = (
			);
			productName = ListDetailsApp;
			productReference = CD1B8F912D9AF69600E996CA /* ListDetailsApp.app */;
			productType = "com.apple.product-type.application";
		};
		CD1B8FA02D9AF69A00E996CA /* ListDetailsAppTests */ = {
			isa = PBXNativeTarget;
			buildConfigurationList = CD1B8FB82D9AF69A00E996CA /* Build configuration list for PBXNativeTarget "ListDetailsAppTests" */;
			buildPhases = (
				CD1B8F9D2D9AF69A00E996CA /* Sources */,
				CD1B8F9E2D9AF69A00E996CA /* Frameworks */,
				CD1B8F9F2D9AF69A00E996CA /* Resources */,
			);
			buildRules = (
			);
			dependencies = (
				CD1B8FA32D9AF69A00E996CA /* PBXTargetDependency */,
			);
			fileSystemSynchronizedGroups = (
				CD1B8FA42D9AF69A00E996CA /* ListDetailsAppTests */,
			);
			name = ListDetailsAppTests;
			packageProductDependencies = (
			);
			productName = ListDetailsAppTests;
			productReference = CD1B8FA12D9AF69A00E996CA /* ListDetailsAppTests.xctest */;
			productType = "com.apple.product-type.bundle.unit-test";
		};
		CD1B8FAA2D9AF69A00E996CA /* ListDetailsAppUITests */ = {
			isa = PBXNativeTarget;
			buildConfigurationList = CD1B8FBB2D9AF69A00E996CA /* Build configuration list for PBXNativeTarget "ListDetailsAppUITests" */;
			buildPhases = (
				CD1B8FA72D9AF69A00E996CA /* Sources */,
				CD1B8FA82D9AF69A00E996CA /* Frameworks */,
				CD1B8FA92D9AF69A00E996CA /* Resources */,
			);
			buildRules = (
			);
			dependencies = (
				CD1B8FAD2D9AF69A00E996CA /* PBXTargetDependency */,
			);
			fileSystemSynchronizedGroups = (
				CD1B8FAE2D9AF69A00E996CA /* ListDetailsAppUITests */,
			);
			name = ListDetailsAppUITests;
			packageProductDependencies = (
			);
			productName = ListDetailsAppUITests;
			productReference = CD1B8FAB2D9AF69A00E996CA /* ListDetailsAppUITests.xctest */;
			productType = "com.apple.product-type.bundle.ui-testing";
		};
/* End PBXNativeTarget section */

/* Begin PBXProject section */
		CD1B8F892D9AF69600E996CA /* Project object */ = {
			isa = PBXProject;
			attributes = {
				BuildIndependentTargetsInParallel = 1;
				LastSwiftUpdateCheck = 1620;
				LastUpgradeCheck = 1620;
				TargetAttributes = {
					CD1B8F902D9AF69600E996CA = {
						CreatedOnToolsVersion = 16.2;
					};
					CD1B8FA02D9AF69A00E996CA = {
						CreatedOnToolsVersion = 16.2;
						TestTargetID = CD1B8F902D9AF69600E996CA;
					};
					CD1B8FAA2D9AF69A00E996CA = {
						CreatedOnToolsVersion = 16.2;
						TestTargetID = CD1B8F902D9AF69600E996CA;
					};
				};
			};
			buildConfigurationList = CD1B8F8C2D9AF69600E996CA /* Build configuration list for PBXProject "ListDetailsApp" */;
			developmentRegion = en;
			hasScannedForEncodings = 0;
			knownRegions = (
				en,
				Base,
			);
			mainGroup = CD1B8F882D9AF69600E996CA;
			minimizedProjectReferenceProxies = 1;
			preferredProjectObjectVersion = 77;
			productRefGroup = CD1B8F922D9AF69600E996CA /* Products */;
			projectDirPath = "";
			projectRoot = "";
			targets = (
				CD1B8F902D9AF69600E996CA /* ListDetailsApp */,
				CD1B8FA02D9AF69A00E996CA /* ListDetailsAppTests */,
				CD1B8FAA2D9AF69A00E996CA /* ListDetailsAppUITests */,
			);
		};
/* End PBXProject section */

/* Begin PBXResourcesBuildPhase section */
		CD1B8F8F2D9AF69600E996CA /* Resources */ = {
			isa = PBXResourcesBuildPhase;
			buildActionMask = 2147483647;
			files = (
			);
			runOnlyForDeploymentPostprocessing = 0;
		};
		CD1B8F9F2D9AF69A00E996CA /* Resources */ = {
			isa = PBXResourcesBuildPhase;
			buildActionMask = 2147483647;
			files = (
			);
			runOnlyForDeploymentPostprocessing = 0;
		};
		CD1B8FA92D9AF69A00E996CA /* Resources */ = {
			isa = PBXResourcesBuildPhase;
			buildActionMask = 2147483647;
			files = (
			);
			runOnlyForDeploymentPostprocessing = 0;
		};
/* End PBXResourcesBuildPhase section */

/* Begin PBXSourcesBuildPhase section */
		CD1B8F8D2D9AF69600E996CA /* Sources */ = {
			isa = PBXSourcesBuildPhase;
			buildActionMask = 2147483647;
			files = (
			);
			runOnlyForDeploymentPostprocessing = 0;
		};
		CD1B8F9D2D9AF69A00E996CA /* Sources */ = {
			isa = PBXSourcesBuildPhase;
			buildActionMask = 2147483647;
			files = (
			);
			runOnlyForDeploymentPostprocessing = 0;
		};
		CD1B8FA72D9AF69A00E996CA /* Sources */ = {
			isa = PBXSourcesBuildPhase;
			buildActionMask = 2147483647;
			files = (
			);
			runOnlyForDeploymentPostprocessing = 0;
		};
/* End PBXSourcesBuildPhase section */

/* Begin PBXTargetDependency section */
		CD1B8FA32D9AF69A00E996CA /* PBXTargetDependency */ = {
			isa = PBXTargetDependency;
			target = CD1B8F902D9AF69600E996CA /* ListDetailsApp */;
			targetProxy = CD1B8FA22D9AF69A00E996CA /* PBXContainerItemProxy */;
		};
		CD1B8FAD2D9AF69A00E996CA /* PBXTargetDependency */ = {
			isa = PBXTargetDependency;
			target = CD1B8F902D9AF69600E996CA /* ListDetailsApp */;
			targetProxy = CD1B8FAC2D9AF69A00E996CA /* PBXContainerItemProxy */;
		};
/* End PBXTargetDependency section */

/* Begin XCBuildConfiguration section */
		CD1B8FB32D9AF69A00E996CA /* Debug */ = {
			isa = XCBuildConfiguration;
			buildSettings = {
				ALWAYS_SEARCH_USER_PATHS = NO;
				ASSETCATALOG_COMPILER_GENERATE_SWIFT_ASSET_SYMBOL_EXTENSIONS = YES;
				CLANG_ANALYZER_NONNULL = YES;
				CLANG_ANALYZER_NUMBER_OBJECT_CONVERSION = YES_AGGRESSIVE;
				CLANG_CXX_LANGUAGE_STANDARD = "gnu++20";
				CLANG_ENABLE_MODULES = YES;
				CLANG_ENABLE_OBJC_ARC = YES;
				CLANG_ENABLE_OBJC_WEAK = YES;
				CLANG_WARN_BLOCK_CAPTURE_AUTORELEASING = YES;
				CLANG_WARN_BOOL_CONVERSION = YES;
				CLANG_WARN_COMMA = YES;
				CLANG_WARN_CONSTANT_CONVERSION = YES;
				CLANG_WARN_DEPRECATED_OBJC_IMPLEMENTATIONS = YES;
				CLANG_WARN_DIRECT_OBJC_ISA_USAGE = YES_ERROR;
				CLANG_WARN_DOCUMENTATION_COMMENTS = YES;
				CLANG_WARN_EMPTY_BODY = YES;
				CLANG_WARN_ENUM_CONVERSION = YES;
				CLANG_WARN_INFINITE_RECURSION = YES;
				CLANG_WARN_INT_CONVERSION = YES;
				CLANG_WARN_NON_LITERAL_NULL_CONVERSION = YES;
				CLANG_WARN_OBJC_IMPLICIT_RETAIN_SELF = YES;
				CLANG_WARN_OBJC_LITERAL_CONVERSION = YES;
				CLANG_WARN_OBJC_ROOT_CLASS = YES_ERROR;
				CLANG_WARN_QUOTED_INCLUDE_IN_FRAMEWORK_HEADER = YES;
				CLANG_WARN_RANGE_LOOP_ANALYSIS = YES;
				CLANG_WARN_STRICT_PROTOTYPES = YES;
				CLANG_WARN_SUSPICIOUS_MOVE = YES;
				CLANG_WARN_UNGUARDED_AVAILABILITY = YES_AGGRESSIVE;
				CLANG_WARN_UNREACHABLE_CODE = YES;
				CLANG_WARN__DUPLICATE_METHOD_MATCH = YES;
				COPY_PHASE_STRIP = NO;
				DEBUG_INFORMATION_FORMAT = dwarf;
				ENABLE_STRICT_OBJC_MSGSEND = YES;
				ENABLE_TESTABILITY = YES;
				ENABLE_USER_SCRIPT_SANDBOXING = YES;
				GCC_C_LANGUAGE_STANDARD = gnu17;
				GCC_DYNAMIC_NO_PIC = NO;
				GCC_NO_COMMON_BLOCKS = YES;
				GCC_OPTIMIZATION_LEVEL = 0;
				GCC_PREPROCESSOR_DEFINITIONS = (
					"DEBUG=1",
					"$(inherited)",
				);
				GCC_WARN_64_TO_32_BIT_CONVERSION = YES;
				GCC_WARN_ABOUT_RETURN_TYPE = YES_ERROR;
				GCC_WARN_UNDECLARED_SELECTOR = YES;
				GCC_WARN_UNINITIALIZED_AUTOS = YES_AGGRESSIVE;
				GCC_WARN_UNUSED_FUNCTION = YES;
				GCC_WARN_UNUSED_VARIABLE = YES;
				IPHONEOS_DEPLOYMENT_TARGET = 18.2;
				LOCALIZATION_PREFERS_STRING_CATALOGS = YES;
				MTL_ENABLE_DEBUG_INFO = INCLUDE_SOURCE;
				MTL_FAST_MATH = YES;
				ONLY_ACTIVE_ARCH = YES;
				SDKROOT = iphoneos;
				SWIFT_ACTIVE_COMPILATION_CONDITIONS = "DEBUG $(inherited)";
				SWIFT_OPTIMIZATION_LEVEL = "-Onone";
			};
			name = Debug;
		};
		CD1B8FB42D9AF69A00E996CA /* Release */ = {
			isa = XCBuildConfiguration;
			buildSettings = {
				ALWAYS_SEARCH_USER_PATHS = NO;
				ASSETCATALOG_COMPILER_GENERATE_SWIFT_ASSET_SYMBOL_EXTENSIONS = YES;
				CLANG_ANALYZER_NONNULL = YES;
				CLANG_ANALYZER_NUMBER_OBJECT_CONVERSION = YES_AGGRESSIVE;
				CLANG_CXX_LANGUAGE_STANDARD = "gnu++20";
				CLANG_ENABLE_MODULES = YES;
				CLANG_ENABLE_OBJC_ARC = YES;
				CLANG_ENABLE_OBJC_WEAK = YES;
				CLANG_WARN_BLOCK_CAPTURE_AUTORELEASING = YES;
				CLANG_WARN_BOOL_CONVERSION = YES;
				CLANG_WARN_COMMA = YES;
				CLANG_WARN_CONSTANT_CONVERSION = YES;
				CLANG_WARN_DEPRECATED_OBJC_IMPLEMENTATIONS = YES;
				CLANG_WARN_DIRECT_OBJC_ISA_USAGE = YES_ERROR;
				CLANG_WARN_DOCUMENTATION_COMMENTS = YES;
				CLANG_WARN_EMPTY_BODY = YES;
				CLANG_WARN_ENUM_CONVERSION = YES;
				CLANG_WARN_INFINITE_RECURSION = YES;
				CLANG_WARN_INT_CONVERSION = YES;
				CLANG_WARN_NON_LITERAL_NULL_CONVERSION = YES;
				CLANG_WARN_OBJC_IMPLICIT_RETAIN_SELF = YES;
				CLANG_WARN_OBJC_LITERAL_CONVERSION = YES;
				CLANG_WARN_OBJC_ROOT_CLASS = YES_ERROR;
				CLANG_WARN_QUOTED_INCLUDE_IN_FRAMEWORK_HEADER = YES;
				CLANG_WARN_RANGE_LOOP_ANALYSIS = YES;
				CLANG_WARN_STRICT_PROTOTYPES = YES;
				CLANG_WARN_SUSPICIOUS_MOVE = YES;
				CLANG_WARN_UNGUARDED_AVAILABILITY = YES_AGGRESSIVE;
				CLANG_WARN_UNREACHABLE_CODE = YES;
				CLANG_WARN__DUPLICATE_METHOD_MATCH = YES;
				COPY_PHASE_STRIP = NO;
				DEBUG_INFORMATION_FORMAT = "dwarf-with-dsym";
				ENABLE_NS_ASSERTIONS = NO;
				ENABLE_STRICT_OBJC_MSGSEND = YES;
				ENABLE_USER_SCRIPT_SANDBOXING = YES;
				GCC_C_LANGUAGE_STANDARD = gnu17;
				GCC_NO_COMMON_BLOCKS = YES;
				GCC_WARN_64_TO_32_BIT_CONVERSION = YES;
				GCC_WARN_ABOUT_RETURN_TYPE = YES_ERROR;
				GCC_WARN_UNDECLARED_SELECTOR = YES;
				GCC_WARN_UNINITIALIZED_AUTOS = YES_AGGRESSIVE;
				GCC_WARN_UNUSED_FUNCTION = YES;
				GCC_WARN_UNUSED_VARIABLE = YES;
				IPHONEOS_DEPLOYMENT_TARGET = 18.2;
				LOCALIZATION_PREFERS_STRING_CATALOGS = YES;
				MTL_ENABLE_DEBUG_INFO = NO;
				MTL_FAST_MATH = YES;
				SDKROOT = iphoneos;
				SWIFT_COMPILATION_MODE = wholemodule;
				VALIDATE_PRODUCT = YES;
			};
			name = Release;
		};
		CD1B8FB62D9AF69A00E996CA /* Debug */ = {
			isa = XCBuildConfiguration;
			buildSettings = {
				ASSETCATALOG_COMPILER_APPICON_NAME = AppIcon;
				ASSETCATALOG_COMPILER_GLOBAL_ACCENT_COLOR_NAME = AccentColor;
				CODE_SIGN_STYLE = Automatic;
				CURRENT_PROJECT_VERSION = 1;
				DEVELOPMENT_ASSET_PATHS = "\"ListDetailsApp/Preview Content\"";
				ENABLE_PREVIEWS = YES;
				GENERATE_INFOPLIST_FILE = YES;
				INFOPLIST_KEY_UIApplicationSceneManifest_Generation = YES;
				INFOPLIST_KEY_UIApplicationSupportsIndirectInputEvents = YES;
				INFOPLIST_KEY_UILaunchScreen_Generation = YES;
				INFOPLIST_KEY_UISupportedInterfaceOrientations_iPad = "UIInterfaceOrientationPortrait UIInterfaceOrientationPortraitUpsideDown UIInterfaceOrientationLandscapeLeft UIInterfaceOrientationLandscapeRight";
				INFOPLIST_KEY_UISupportedInterfaceOrientations_iPhone = "UIInterfaceOrientationPortrait UIInterfaceOrientationLandscapeLeft UIInterfaceOrientationLandscapeRight";
				LD_RUNPATH_SEARCH_PATHS = (
					"$(inherited)",
					"@executable_path/Frameworks",
				);
				MARKETING_VERSION = 1.0;
				PRODUCT_BUNDLE_IDENTIFIER = kurylenko.alex.com.ListDetailsApp;
				PRODUCT_NAME = "$(TARGET_NAME)";
				SUPPORTED_PLATFORMS = "iphoneos iphonesimulator";
				SUPPORTS_MACCATALYST = NO;
				SUPPORTS_MAC_DESIGNED_FOR_IPHONE_IPAD = NO;
				SUPPORTS_XR_DESIGNED_FOR_IPHONE_IPAD = NO;
				SWIFT_EMIT_LOC_STRINGS = YES;
				SWIFT_VERSION = 5.0;
				TARGETED_DEVICE_FAMILY = 1;
			};
			name = Debug;
		};
		CD1B8FB72D9AF69A00E996CA /* Release */ = {
			isa = XCBuildConfiguration;
			buildSettings = {
				ASSETCATALOG_COMPILER_APPICON_NAME = AppIcon;
				ASSETCATALOG_COMPILER_GLOBAL_ACCENT_COLOR_NAME = AccentColor;
				CODE_SIGN_STYLE = Automatic;
				CURRENT_PROJECT_VERSION = 1;
				DEVELOPMENT_ASSET_PATHS = "\"ListDetailsApp/Preview Content\"";
				ENABLE_PREVIEWS = YES;
				GENERATE_INFOPLIST_FILE = YES;
				INFOPLIST_KEY_UIApplicationSceneManifest_Generation = YES;
				INFOPLIST_KEY_UIApplicationSupportsIndirectInputEvents = YES;
				INFOPLIST_KEY_UILaunchScreen_Generation = YES;
				INFOPLIST_KEY_UISupportedInterfaceOrientations_iPad = "UIInterfaceOrientationPortrait UIInterfaceOrientationPortraitUpsideDown UIInterfaceOrientationLandscapeLeft UIInterfaceOrientationLandscapeRight";
				INFOPLIST_KEY_UISupportedInterfaceOrientations_iPhone = "UIInterfaceOrientationPortrait UIInterfaceOrientationLandscapeLeft UIInterfaceOrientationLandscapeRight";
				LD_RUNPATH_SEARCH_PATHS = (
					"$(inherited)",
					"@executable_path/Frameworks",
				);
				MARKETING_VERSION = 1.0;
				PRODUCT_BUNDLE_IDENTIFIER = kurylenko.alex.com.ListDetailsApp;
				PRODUCT_NAME = "$(TARGET_NAME)";
				SUPPORTED_PLATFORMS = "iphoneos iphonesimulator";
				SUPPORTS_MACCATALYST = NO;
				SUPPORTS_MAC_DESIGNED_FOR_IPHONE_IPAD = NO;
				SUPPORTS_XR_DESIGNED_FOR_IPHONE_IPAD = NO;
				SWIFT_EMIT_LOC_STRINGS = YES;
				SWIFT_VERSION = 5.0;
				TARGETED_DEVICE_FAMILY = 1;
			};
			name = Release;
		};
		CD1B8FB92D9AF69A00E996CA /* Debug */ = {
			isa = XCBuildConfiguration;
			buildSettings = {
				BUNDLE_LOADER = "$(TEST_HOST)";
				CODE_SIGN_STYLE = Automatic;
				CURRENT_PROJECT_VERSION = 1;
				GENERATE_INFOPLIST_FILE = YES;
				IPHONEOS_DEPLOYMENT_TARGET = 18.2;
				MARKETING_VERSION = 1.0;
				PRODUCT_BUNDLE_IDENTIFIER = kurylenko.alex.com.ListDetailsAppTests;
				PRODUCT_NAME = "$(TARGET_NAME)";
				SWIFT_EMIT_LOC_STRINGS = NO;
				SWIFT_VERSION = 5.0;
				TARGETED_DEVICE_FAMILY = "1,2";
				TEST_HOST = "$(BUILT_PRODUCTS_DIR)/ListDetailsApp.app/$(BUNDLE_EXECUTABLE_FOLDER_PATH)/ListDetailsApp";
			};
			name = Debug;
		};
		CD1B8FBA2D9AF69A00E996CA /* Release */ = {
			isa = XCBuildConfiguration;
			buildSettings = {
				BUNDLE_LOADER = "$(TEST_HOST)";
				CODE_SIGN_STYLE = Automatic;
				CURRENT_PROJECT_VERSION = 1;
				GENERATE_INFOPLIST_FILE = YES;
				IPHONEOS_DEPLOYMENT_TARGET = 18.2;
				MARKETING_VERSION = 1.0;
				PRODUCT_BUNDLE_IDENTIFIER = kurylenko.alex.com.ListDetailsAppTests;
				PRODUCT_NAME = "$(TARGET_NAME)";
				SWIFT_EMIT_LOC_STRINGS = NO;
				SWIFT_VERSION = 5.0;
				TARGETED_DEVICE_FAMILY = "1,2";
				TEST_HOST = "$(BUILT_PRODUCTS_DIR)/ListDetailsApp.app/$(BUNDLE_EXECUTABLE_FOLDER_PATH)/ListDetailsApp";
			};
			name = Release;
		};
		CD1B8FBC2D9AF69A00E996CA /* Debug */ = {
			isa = XCBuildConfiguration;
			buildSettings = {
				CODE_SIGN_STYLE = Automatic;
				CURRENT_PROJECT_VERSION = 1;
				GENERATE_INFOPLIST_FILE = YES;
				MARKETING_VERSION = 1.0;
				PRODUCT_BUNDLE_IDENTIFIER = kurylenko.alex.com.ListDetailsAppUITests;
				PRODUCT_NAME = "$(TARGET_NAME)";
				SWIFT_EMIT_LOC_STRINGS = NO;
				SWIFT_VERSION = 5.0;
				TARGETED_DEVICE_FAMILY = "1,2";
				TEST_TARGET_NAME = ListDetailsApp;
			};
			name = Debug;
		};
		CD1B8FBD2D9AF69A00E996CA /* Release */ = {
			isa = XCBuildConfiguration;
			buildSettings = {
				CODE_SIGN_STYLE = Automatic;
				CURRENT_PROJECT_VERSION = 1;
				GENERATE_INFOPLIST_FILE = YES;
				MARKETING_VERSION = 1.0;
				PRODUCT_BUNDLE_IDENTIFIER = kurylenko.alex.com.ListDetailsAppUITests;
				PRODUCT_NAME = "$(TARGET_NAME)";
				SWIFT_EMIT_LOC_STRINGS = NO;
				SWIFT_VERSION = 5.0;
				TARGETED_DEVICE_FAMILY = "1,2";
				TEST_TARGET_NAME = ListDetailsApp;
			};
			name = Release;
		};
/* End XCBuildConfiguration section */

/* Begin XCConfigurationList section */
		CD1B8F8C2D9AF69600E996CA /* Build configuration list for PBXProject "ListDetailsApp" */ = {
			isa = XCConfigurationList;
			buildConfigurations = (
				CD1B8FB32D9AF69A00E996CA /* Debug */,
				CD1B8FB42D9AF69A00E996CA /* Release */,
			);
			defaultConfigurationIsVisible = 0;
			defaultConfigurationName = Release;
		};
		CD1B8FB52D9AF69A00E996CA /* Build configuration list for PBXNativeTarget "ListDetailsApp" */ = {
			isa = XCConfigurationList;
			buildConfigurations = (
				CD1B8FB62D9AF69A00E996CA /* Debug */,
				CD1B8FB72D9AF69A00E996CA /* Release */,
			);
			defaultConfigurationIsVisible = 0;
			defaultConfigurationName = Release;
		};
		CD1B8FB82D9AF69A00E996CA /* Build configuration list for PBXNativeTarget "ListDetailsAppTests" */ = {
			isa = XCConfigurationList;
			buildConfigurations = (
				CD1B8FB92D9AF69A00E996CA /* Debug */,
				CD1B8FBA2D9AF69A00E996CA /* Release */,
			);
			defaultConfigurationIsVisible = 0;
			defaultConfigurationName = Release;
		};
		CD1B8FBB2D9AF69A00E996CA /* Build configuration list for PBXNativeTarget "ListDetailsAppUITests" */ = {
			isa = XCConfigurationList;
			buildConfigurations = (
				CD1B8FBC2D9AF69A00E996CA /* Debug */,
				CD1B8FBD2D9AF69A00E996CA /* Release */,
			);
			defaultConfigurationIsVisible = 0;
			defaultConfigurationName = Release;
		};
/* End XCConfigurationList section */
	};
	rootObject = CD1B8F892D9AF69600E996CA /* Project object */;
}
